
Microsoft Visual Studio Solution File, Format Version 12.00
# Visual Studio 2012
Project("{FAE04EC0-301F-11D3-BF4B-00C04F79EFBC}") = "Rent A Car Araç Kiralama Otamosyon", "Rent A Car Araç Kiralama Otamasyon\Rent A Car Araç Kiralama Otamosyon.csproj", "{BDA1C669-70C4-4F7E-9446-2749A3BBA0D5}"
EndProject
Global
	GlobalSection(SolutionConfigurationPlatforms) = preSolution
		Debug|Any CPU = Debug|Any CPU
		Release|Any CPU = Release|Any CPU
	EndGlobalSection
	GlobalSection(ProjectConfigurationPlatforms) = postSolution
		{BDA1C669-70C4-4F7E-9446-2749A3BBA0D5}.Debug|Any CPU.ActiveCfg = Debug|Any CPU
		{BDA1C669-70C4-4F7E-9446-2749A3BBA0D5}.Debug|Any CPU.Build.0 = Debug|Any CPU
		{BDA1C669-70C4-4F7E-9446-2749A3BBA0D5}.Release|Any CPU.ActiveCfg = Release|Any CPU
		{BDA1C669-70C4-4F7E-9446-2749A3BBA0D5}.Release|Any CPU.Build.0 = Release|Any CPU
	EndGlobalSection
	GlobalSection(SolutionProperties) = preSolution
		HideSolutionNode = FALSE
	EndGlobalSection
EndGlobal
